
Microsoft Visual Studio Solution File, Format Version 12.00
# Visual Studio Version 17
VisualStudioVersion = 17.14.36401.2 d17.14
MinimumVisualStudioVersion = 10.0.40219.1
Project("{FAE04EC0-301F-11D3-BF4B-00C04F79EFBC}") = "VuVanDoan_231230746_de01", "VuVanDoan_231230746_de01.csproj", "{2B3595C2-4D4B-4372-B0B5-629E98F53F3A}"
EndProject
Global
	GlobalSection(SolutionConfigurationPlatforms) = preSolution
		Debug|Any CPU = Debug|Any CPU
		Release|Any CPU = Release|Any CPU
	EndGlobalSection
	GlobalSection(ProjectConfigurationPlatforms) = postSolution
		{2B3595C2-4D4B-4372-B0B5-629E98F53F3A}.Debug|Any CPU.ActiveCfg = Debug|Any CPU
		{2B3595C2-4D4B-4372-B0B5-629E98F53F3A}.Debug|Any CPU.Build.0 = Debug|Any CPU
		{2B3595C2-4D4B-4372-B0B5-629E98F53F3A}.Release|Any CPU.ActiveCfg = Release|Any CPU
		{2B3595C2-4D4B-4372-B0B5-629E98F53F3A}.Release|Any CPU.Build.0 = Release|Any CPU
	EndGlobalSection
	GlobalSection(SolutionProperties) = preSolution
		HideSolutionNode = FALSE
	EndGlobalSection
	GlobalSection(ExtensibilityGlobals) = postSolution
		SolutionGuid = {E3D9A3A7-5791-4A5B-ACC8-DAFEC510F5DD}
	EndGlobalSection
EndGlobal
